
Microsoft Visual Studio Solution File, Format Version 12.00
# Visual Studio Version 16
VisualStudioVersion = 16.0.30320.27
MinimumVisualStudioVersion = 10.0.40219.1
Project("{FAE04EC0-301F-11D3-BF4B-00C04F79EFBC}") = "NoSoliciting", "NoSoliciting\NoSoliciting.csproj", "{E4C12987-9064-4788-8783-BE418B2C0142}"
EndProject
Project("{2150E333-8FDC-42A3-9474-1A3956D46DE8}") = "Solution Items", "Solution Items", "{0C424003-6609-47D7-8D27-BF309C34E909}"
EndProject
Project("{FAE04EC0-301F-11D3-BF4B-00C04F79EFBC}") = "NoSoliciting.Interface", "NoSoliciting.Interface\NoSoliciting.Interface.csproj", "{E88E57AB-EFB8-4F2F-93DB-F63123638C44}"
EndProject
Project("{FAE04EC0-301F-11D3-BF4B-00C04F79EFBC}") = "NoSoliciting.Trainer", "NoSoliciting.Trainer\NoSoliciting.Trainer.csproj", "{3D774127-F7A9-4B6D-AB2F-3AAF80D15586}"
EndProject
Project("{FAE04EC0-301F-11D3-BF4B-00C04F79EFBC}") = "NoSoliciting.MessageClassifier", "NoSoliciting.MessageClassifier\NoSoliciting.MessageClassifier.csproj", "{16689469-6A74-4197-818A-EA44697BD815}"
EndProject
Project("{FAE04EC0-301F-11D3-BF4B-00C04F79EFBC}") = "NoSoliciting.Internal.Interface", "NoSoliciting.Internal.Interface\NoSoliciting.Internal.Interface.csproj", "{742F1B3F-030F-4886-B05D-0D41D4DDA8FD}"
EndProject
Project("{FAE04EC0-301F-11D3-BF4B-00C04F79EFBC}") = "NoSoliciting.Lite", "NoSoliciting.Lite\NoSoliciting.Lite.csproj", "{46679548-E204-453B-AAAC-F31342071E03}"
EndProject
Global
	GlobalSection(SolutionConfigurationPlatforms) = preSolution
		Debug|Any CPU = Debug|Any CPU
		Release|Any CPU = Release|Any CPU
	EndGlobalSection
	GlobalSection(ProjectConfigurationPlatforms) = postSolution
		{E4C12987-9064-4788-8783-BE418B2C0142}.Debug|Any CPU.ActiveCfg = Debug|Any CPU
		{E4C12987-9064-4788-8783-BE418B2C0142}.Debug|Any CPU.Build.0 = Debug|Any CPU
		{E4C12987-9064-4788-8783-BE418B2C0142}.Release|Any CPU.ActiveCfg = Release|Any CPU
		{E4C12987-9064-4788-8783-BE418B2C0142}.Release|Any CPU.Build.0 = Release|Any CPU
		{E88E57AB-EFB8-4F2F-93DB-F63123638C44}.Debug|Any CPU.ActiveCfg = Debug|Any CPU
		{E88E57AB-EFB8-4F2F-93DB-F63123638C44}.Debug|Any CPU.Build.0 = Debug|Any CPU
		{E88E57AB-EFB8-4F2F-93DB-F63123638C44}.Release|Any CPU.ActiveCfg = Release|Any CPU
		{E88E57AB-EFB8-4F2F-93DB-F63123638C44}.Release|Any CPU.Build.0 = Release|Any CPU
		{3D774127-F7A9-4B6D-AB2F-3AAF80D15586}.Debug|Any CPU.ActiveCfg = Debug|Any CPU
		{3D774127-F7A9-4B6D-AB2F-3AAF80D15586}.Debug|Any CPU.Build.0 = Debug|Any CPU
		{3D774127-F7A9-4B6D-AB2F-3AAF80D15586}.Release|Any CPU.ActiveCfg = Release|Any CPU
		{3D774127-F7A9-4B6D-AB2F-3AAF80D15586}.Release|Any CPU.Build.0 = Release|Any CPU
		{16689469-6A74-4197-818A-EA44697BD815}.Debug|Any CPU.ActiveCfg = Debug|Any CPU
		{16689469-6A74-4197-818A-EA44697BD815}.Debug|Any CPU.Build.0 = Debug|Any CPU
		{16689469-6A74-4197-818A-EA44697BD815}.Release|Any CPU.ActiveCfg = Release|Any CPU
		{16689469-6A74-4197-818A-EA44697BD815}.Release|Any CPU.Build.0 = Release|Any CPU
		{742F1B3F-030F-4886-B05D-0D41D4DDA8FD}.Debug|Any CPU.ActiveCfg = Debug|Any CPU
		{742F1B3F-030F-4886-B05D-0D41D4DDA8FD}.Debug|Any CPU.Build.0 = Debug|Any CPU
		{742F1B3F-030F-4886-B05D-0D41D4DDA8FD}.Release|Any CPU.ActiveCfg = Release|Any CPU
		{742F1B3F-030F-4886-B05D-0D41D4DDA8FD}.Release|Any CPU.Build.0 = Release|Any CPU
		{46679548-E204-453B-AAAC-F31342071E03}.Debug|Any CPU.ActiveCfg = Debug|Any CPU
		{46679548-E204-453B-AAAC-F31342071E03}.Debug|Any CPU.Build.0 = Debug|Any CPU
		{46679548-E204-453B-AAAC-F31342071E03}.Release|Any CPU.ActiveCfg = Release|Any CPU
		{46679548-E204-453B-AAAC-F31342071E03}.Release|Any CPU.Build.0 = Release|Any CPU
	EndGlobalSection
	GlobalSection(SolutionProperties) = preSolution
		HideSolutionNode = FALSE
	EndGlobalSection
	GlobalSection(ExtensibilityGlobals) = postSolution
		SolutionGuid = {6639EE11-041E-4C3F-87D6-94E6DE8ABAF1}
	EndGlobalSection
EndGlobal
