
Microsoft Visual Studio Solution File, Format Version 12.00
# Visual Studio Version 16
VisualStudioVersion = 16.0.30320.27
MinimumVisualStudioVersion = 10.0.40219.1
Project("{FAE04EC0-301F-11D3-BF4B-00C04F79EFBC}") = "NoSoliciting", "NoSoliciting\NoSoliciting.csproj", "{E4C12987-9064-4788-8783-BE418B2C0142}"
EndProject
Project("{2150E333-8FDC-42A3-9474-1A3956D46DE8}") = "Solution Items", "Solution Items", "{0C424003-6609-47D7-8D27-BF309C34E909}"
	ProjectSection(SolutionItems) = preProject
		.editorconfig = .editorconfig
	EndProjectSection
EndProject
Project("{FAE04EC0-301F-11D3-BF4B-00C04F79EFBC}") = "NoSoliciting.Tests", "NoSoliciting.Tests\NoSoliciting.Tests.csproj", "{1962D91F-543A-4214-88FD-788BB7ACECE3}"
EndProject
Global
	GlobalSection(SolutionConfigurationPlatforms) = preSolution
		Debug|Any CPU = Debug|Any CPU
		Release|Any CPU = Release|Any CPU
	EndGlobalSection
	GlobalSection(ProjectConfigurationPlatforms) = postSolution
		{E4C12987-9064-4788-8783-BE418B2C0142}.Debug|Any CPU.ActiveCfg = Debug|Any CPU
		{E4C12987-9064-4788-8783-BE418B2C0142}.Debug|Any CPU.Build.0 = Debug|Any CPU
		{E4C12987-9064-4788-8783-BE418B2C0142}.Release|Any CPU.ActiveCfg = Release|Any CPU
		{E4C12987-9064-4788-8783-BE418B2C0142}.Release|Any CPU.Build.0 = Release|Any CPU
		{1962D91F-543A-4214-88FD-788BB7ACECE3}.Debug|Any CPU.ActiveCfg = Debug|Any CPU
		{1962D91F-543A-4214-88FD-788BB7ACECE3}.Debug|Any CPU.Build.0 = Debug|Any CPU
		{1962D91F-543A-4214-88FD-788BB7ACECE3}.Release|Any CPU.ActiveCfg = Release|Any CPU
		{1962D91F-543A-4214-88FD-788BB7ACECE3}.Release|Any CPU.Build.0 = Release|Any CPU
	EndGlobalSection
	GlobalSection(SolutionProperties) = preSolution
		HideSolutionNode = FALSE
	EndGlobalSection
	GlobalSection(ExtensibilityGlobals) = postSolution
		SolutionGuid = {6639EE11-041E-4C3F-87D6-94E6DE8ABAF1}
	EndGlobalSection
EndGlobal
